
Microsoft Visual Studio Solution File, Format Version 12.00
# Visual Studio Version 17
VisualStudioVersion = 17.3.32804.467
MinimumVisualStudioVersion = 10.0.40219.1
Project("{FAE04EC0-301F-11D3-BF4B-00C04F79EFBC}") = "test", "test.csproj", "{EF5F44DA-272E-4375-936D-0FB9D82BCC18}"
EndProject
Global
	GlobalSection(SolutionConfigurationPlatforms) = preSolution
		Debug|Any CPU = Debug|Any CPU
		Release|Any CPU = Release|Any CPU
	EndGlobalSection
	GlobalSection(ProjectConfigurationPlatforms) = postSolution
		{EF5F44DA-272E-4375-936D-0FB9D82BCC18}.Debug|Any CPU.ActiveCfg = Debug|Any CPU
		{EF5F44DA-272E-4375-936D-0FB9D82BCC18}.Debug|Any CPU.Build.0 = Debug|Any CPU
		{EF5F44DA-272E-4375-936D-0FB9D82BCC18}.Release|Any CPU.ActiveCfg = Release|Any CPU
		{EF5F44DA-272E-4375-936D-0FB9D82BCC18}.Release|Any CPU.Build.0 = Release|Any CPU
	EndGlobalSection
	GlobalSection(SolutionProperties) = preSolution
		HideSolutionNode = FALSE
	EndGlobalSection
	GlobalSection(ExtensibilityGlobals) = postSolution
		SolutionGuid = {F68234A8-D980-4A71-8DF1-8FB5C2F65432}
	EndGlobalSection
EndGlobal
