
Microsoft Visual Studio Solution File, Format Version 12.00
# Visual Studio Version 17
VisualStudioVersion = 17.3.32804.467
MinimumVisualStudioVersion = 10.0.40219.1
Project("{FAE04EC0-301F-11D3-BF4B-00C04F79EFBC}") = "LoginForm", "LoginForm.csproj", "{28EB949D-ABFE-4F8A-B585-09AF02795FEC}"
EndProject
Global
	GlobalSection(SolutionConfigurationPlatforms) = preSolution
		Debug|Any CPU = Debug|Any CPU
		Release|Any CPU = Release|Any CPU
	EndGlobalSection
	GlobalSection(ProjectConfigurationPlatforms) = postSolution
		{28EB949D-ABFE-4F8A-B585-09AF02795FEC}.Debug|Any CPU.ActiveCfg = Debug|Any CPU
		{28EB949D-ABFE-4F8A-B585-09AF02795FEC}.Debug|Any CPU.Build.0 = Debug|Any CPU
		{28EB949D-ABFE-4F8A-B585-09AF02795FEC}.Release|Any CPU.ActiveCfg = Release|Any CPU
		{28EB949D-ABFE-4F8A-B585-09AF02795FEC}.Release|Any CPU.Build.0 = Release|Any CPU
	EndGlobalSection
	GlobalSection(SolutionProperties) = preSolution
		HideSolutionNode = FALSE
	EndGlobalSection
	GlobalSection(ExtensibilityGlobals) = postSolution
		SolutionGuid = {A79E20B2-0A41-4D67-9B35-A75791CA77BE}
	EndGlobalSection
EndGlobal
